
Microsoft Visual Studio Solution File, Format Version 12.00
# Visual Studio Version 16
VisualStudioVersion = 16.0.30002.166
MinimumVisualStudioVersion = 10.0.40219.1
Project("{FAE04EC0-301F-11D3-BF4B-00C04F79EFBC}") = "CarMechanic.Core.Web.Api", "CarMechanic.Core.Web.Api.csproj", "{A284B614-3E1D-4DCA-9749-247D84887227}"
EndProject
Project("{FAE04EC0-301F-11D3-BF4B-00C04F79EFBC}") = "CarMechanic.Core.BusinessLogic", "..\CarMechanic.Core.BusinessLogic\CarMechanic.Core.BusinessLogic.csproj", "{7CBCE5F7-9E0B-49B4-9DFF-3B828274C3B2}"
EndProject
Project("{FAE04EC0-301F-11D3-BF4B-00C04F79EFBC}") = "CarMechanic.Core.DataAccess", "..\CarMechanic.Core.DataAccess\CarMechanic.Core.DataAccess.csproj", "{049F5851-EE0D-4287-BBEB-2B99E1221F87}"
EndProject
Project("{FAE04EC0-301F-11D3-BF4B-00C04F79EFBC}") = "CarMechanic.Core.DomainModel", "..\CarMechanic.Core.DomainModel\CarMechanic.Core.DomainModel.csproj", "{82D2EDF1-A62E-4A60-8109-75272F568B13}"
EndProject
Project("{FAE04EC0-301F-11D3-BF4B-00C04F79EFBC}") = "CarMechanic.Core.Model", "..\CarMechanic.Core.Model\CarMechanic.Core.Model.csproj", "{0E332942-A556-47ED-B9C6-C487838EC36F}"
EndProject
Global
	GlobalSection(SolutionConfigurationPlatforms) = preSolution
		Debug|Any CPU = Debug|Any CPU
		Release|Any CPU = Release|Any CPU
	EndGlobalSection
	GlobalSection(ProjectConfigurationPlatforms) = postSolution
		{A284B614-3E1D-4DCA-9749-247D84887227}.Debug|Any CPU.ActiveCfg = Debug|Any CPU
		{A284B614-3E1D-4DCA-9749-247D84887227}.Debug|Any CPU.Build.0 = Debug|Any CPU
		{A284B614-3E1D-4DCA-9749-247D84887227}.Release|Any CPU.ActiveCfg = Release|Any CPU
		{A284B614-3E1D-4DCA-9749-247D84887227}.Release|Any CPU.Build.0 = Release|Any CPU
		{7CBCE5F7-9E0B-49B4-9DFF-3B828274C3B2}.Debug|Any CPU.ActiveCfg = Debug|Any CPU
		{7CBCE5F7-9E0B-49B4-9DFF-3B828274C3B2}.Debug|Any CPU.Build.0 = Debug|Any CPU
		{7CBCE5F7-9E0B-49B4-9DFF-3B828274C3B2}.Release|Any CPU.ActiveCfg = Release|Any CPU
		{7CBCE5F7-9E0B-49B4-9DFF-3B828274C3B2}.Release|Any CPU.Build.0 = Release|Any CPU
		{049F5851-EE0D-4287-BBEB-2B99E1221F87}.Debug|Any CPU.ActiveCfg = Debug|Any CPU
		{049F5851-EE0D-4287-BBEB-2B99E1221F87}.Debug|Any CPU.Build.0 = Debug|Any CPU
		{049F5851-EE0D-4287-BBEB-2B99E1221F87}.Release|Any CPU.ActiveCfg = Release|Any CPU
		{049F5851-EE0D-4287-BBEB-2B99E1221F87}.Release|Any CPU.Build.0 = Release|Any CPU
		{82D2EDF1-A62E-4A60-8109-75272F568B13}.Debug|Any CPU.ActiveCfg = Debug|Any CPU
		{82D2EDF1-A62E-4A60-8109-75272F568B13}.Debug|Any CPU.Build.0 = Debug|Any CPU
		{82D2EDF1-A62E-4A60-8109-75272F568B13}.Release|Any CPU.ActiveCfg = Release|Any CPU
		{82D2EDF1-A62E-4A60-8109-75272F568B13}.Release|Any CPU.Build.0 = Release|Any CPU
		{0E332942-A556-47ED-B9C6-C487838EC36F}.Debug|Any CPU.ActiveCfg = Debug|Any CPU
		{0E332942-A556-47ED-B9C6-C487838EC36F}.Debug|Any CPU.Build.0 = Debug|Any CPU
		{0E332942-A556-47ED-B9C6-C487838EC36F}.Release|Any CPU.ActiveCfg = Release|Any CPU
		{0E332942-A556-47ED-B9C6-C487838EC36F}.Release|Any CPU.Build.0 = Release|Any CPU
	EndGlobalSection
	GlobalSection(SolutionProperties) = preSolution
		HideSolutionNode = FALSE
	EndGlobalSection
	GlobalSection(ExtensibilityGlobals) = postSolution
		SolutionGuid = {4CB1A97E-6471-40A2-9386-16C8AAB4E387}
	EndGlobalSection
EndGlobal
